
Microsoft Visual Studio Solution File, Format Version 12.00
# Visual Studio 2013
VisualStudioVersion = 12.0.40629.0
MinimumVisualStudioVersion = 10.0.40219.1
Project("{FAE04EC0-301F-11D3-BF4B-00C04F79EFBC}") = "JAPhotography", "JAPhotography\JAPhotography.csproj", "{A926392B-D07F-47E3-B1F4-F95BD9C7E46F}"
EndProject
Global
	GlobalSection(TeamFoundationVersionControl) = preSolution
		SccNumberOfProjects = 2
		SccEnterpriseProvider = {4CA58AB2-18FA-4F8D-95D4-32DDF27D184C}
		SccTeamFoundationServer = https://dibblehome.visualstudio.com/defaultcollection
		SccLocalPath0 = .
		SccProjectUniqueName1 = JAPhotography\\JAPhotography.csproj
		SccProjectName1 = JAPhotography
		SccLocalPath1 = JAPhotography
	EndGlobalSection
	GlobalSection(SolutionConfigurationPlatforms) = preSolution
		Debug|Any CPU = Debug|Any CPU
		Release|Any CPU = Release|Any CPU
	EndGlobalSection
	GlobalSection(ProjectConfigurationPlatforms) = postSolution
		{A926392B-D07F-47E3-B1F4-F95BD9C7E46F}.Debug|Any CPU.ActiveCfg = Debug|Any CPU
		{A926392B-D07F-47E3-B1F4-F95BD9C7E46F}.Debug|Any CPU.Build.0 = Debug|Any CPU
		{A926392B-D07F-47E3-B1F4-F95BD9C7E46F}.Release|Any CPU.ActiveCfg = Release|Any CPU
		{A926392B-D07F-47E3-B1F4-F95BD9C7E46F}.Release|Any CPU.Build.0 = Release|Any CPU
	EndGlobalSection
	GlobalSection(SolutionProperties) = preSolution
		HideSolutionNode = FALSE
	EndGlobalSection
EndGlobal
